
Microsoft Visual Studio Solution File, Format Version 12.00
# Visual Studio Version 17
VisualStudioVersion = 17.1.32210.238
MinimumVisualStudioVersion = 10.0.40219.1
Project("{FAE04EC0-301F-11D3-BF4B-00C04F79EFBC}") = "LabDay2", "LabDay2\LabDay2.csproj", "{126C3281-24E3-44D3-935E-50186918FA18}"
EndProject
Global
	GlobalSection(SolutionConfigurationPlatforms) = preSolution
		Debug|Any CPU = Debug|Any CPU
		Release|Any CPU = Release|Any CPU
	EndGlobalSection
	GlobalSection(ProjectConfigurationPlatforms) = postSolution
		{126C3281-24E3-44D3-935E-50186918FA18}.Debug|Any CPU.ActiveCfg = Debug|Any CPU
		{126C3281-24E3-44D3-935E-50186918FA18}.Debug|Any CPU.Build.0 = Debug|Any CPU
		{126C3281-24E3-44D3-935E-50186918FA18}.Release|Any CPU.ActiveCfg = Release|Any CPU
		{126C3281-24E3-44D3-935E-50186918FA18}.Release|Any CPU.Build.0 = Release|Any CPU
	EndGlobalSection
	GlobalSection(SolutionProperties) = preSolution
		HideSolutionNode = FALSE
	EndGlobalSection
	GlobalSection(ExtensibilityGlobals) = postSolution
		SolutionGuid = {DC42E3AE-668C-45FE-8FD9-A2530BA3F1EF}
	EndGlobalSection
EndGlobal
